
Microsoft Visual Studio Solution File, Format Version 12.00
# Visual Studio Version 17
VisualStudioVersion = 17.8.34309.116
MinimumVisualStudioVersion = 10.0.40219.1
Project("{9A19103F-16F7-4668-BE54-9A1E7A4F7556}") = "NK.BlazorWasmStarter", "NK.BlazorWasmStarter\NK.BlazorWasmStarter.csproj", "{A923CF63-B7DC-499A-8713-5AD3FD39BA89}"
EndProject
Project("{9A19103F-16F7-4668-BE54-9A1E7A4F7556}") = "NK.BlazorOpenAIStarter", "NK.BlazorOpenAIStarter\NK.BlazorOpenAIStarter.csproj", "{D85FE463-903A-4B53-9935-530CDECE3D57}"
EndProject
Global
	GlobalSection(SolutionConfigurationPlatforms) = preSolution
		Debug|Any CPU = Debug|Any CPU
		Release|Any CPU = Release|Any CPU
	EndGlobalSection
	GlobalSection(ProjectConfigurationPlatforms) = postSolution
		{A923CF63-B7DC-499A-8713-5AD3FD39BA89}.Debug|Any CPU.ActiveCfg = Debug|Any CPU
		{A923CF63-B7DC-499A-8713-5AD3FD39BA89}.Debug|Any CPU.Build.0 = Debug|Any CPU
		{A923CF63-B7DC-499A-8713-5AD3FD39BA89}.Release|Any CPU.ActiveCfg = Release|Any CPU
		{A923CF63-B7DC-499A-8713-5AD3FD39BA89}.Release|Any CPU.Build.0 = Release|Any CPU
		{D85FE463-903A-4B53-9935-530CDECE3D57}.Debug|Any CPU.ActiveCfg = Debug|Any CPU
		{D85FE463-903A-4B53-9935-530CDECE3D57}.Debug|Any CPU.Build.0 = Debug|Any CPU
		{D85FE463-903A-4B53-9935-530CDECE3D57}.Release|Any CPU.ActiveCfg = Release|Any CPU
		{D85FE463-903A-4B53-9935-530CDECE3D57}.Release|Any CPU.Build.0 = Release|Any CPU
	EndGlobalSection
	GlobalSection(SolutionProperties) = preSolution
		HideSolutionNode = FALSE
	EndGlobalSection
	GlobalSection(ExtensibilityGlobals) = postSolution
		SolutionGuid = {8336F73C-0C75-4E3C-8497-2C038E45BFF2}
	EndGlobalSection
EndGlobal
