
Microsoft Visual Studio Solution File, Format Version 12.00
# Visual Studio Version 17
VisualStudioVersion = 17.8.34309.116
MinimumVisualStudioVersion = 10.0.40219.1
Project("{9A19103F-16F7-4668-BE54-9A1E7A4F7556}") = "NK.BlazorWasmStarter", "NK.BlazorWasmStarter\NK.BlazorWasmStarter.csproj", "{A923CF63-B7DC-499A-8713-5AD3FD39BA89}"
EndProject
Project("{9A19103F-16F7-4668-BE54-9A1E7A4F7556}") = "NK.BlazorOpenAIStarter", "NK.BlazorOpenAIStarter\NK.BlazorOpenAIStarter.csproj", "{D85FE463-903A-4B53-9935-530CDECE3D57}"
EndProject
Project("{9A19103F-16F7-4668-BE54-9A1E7A4F7556}") = "NK.BlazorGiftSuggestionApp", "NK.BlazorGiftSuggestionApp\NK.BlazorGiftSuggestionApp.csproj", "{8243811E-5AF6-4458-AEDF-CE075E534A84}"
EndProject
Project("{2150E333-8FDC-42A3-9474-1A3956D46DE8}") = "VideoTranscribeApp", "VideoTranscribeApp", "{DEB40175-A039-4C99-A48D-6789338AB59D}"
EndProject
Project("{9A19103F-16F7-4668-BE54-9A1E7A4F7556}") = "NK.VideoTranscribeApp.ConsoleClient", "NK.VideoTranscribeApp.ConsoleClient\NK.VideoTranscribeApp.ConsoleClient.csproj", "{711C7673-B8EA-49C6-872A-030BA8AE3628}"
EndProject
Global
	GlobalSection(SolutionConfigurationPlatforms) = preSolution
		Debug|Any CPU = Debug|Any CPU
		Release|Any CPU = Release|Any CPU
	EndGlobalSection
	GlobalSection(ProjectConfigurationPlatforms) = postSolution
		{A923CF63-B7DC-499A-8713-5AD3FD39BA89}.Debug|Any CPU.ActiveCfg = Debug|Any CPU
		{A923CF63-B7DC-499A-8713-5AD3FD39BA89}.Debug|Any CPU.Build.0 = Debug|Any CPU
		{A923CF63-B7DC-499A-8713-5AD3FD39BA89}.Release|Any CPU.ActiveCfg = Release|Any CPU
		{A923CF63-B7DC-499A-8713-5AD3FD39BA89}.Release|Any CPU.Build.0 = Release|Any CPU
		{D85FE463-903A-4B53-9935-530CDECE3D57}.Debug|Any CPU.ActiveCfg = Debug|Any CPU
		{D85FE463-903A-4B53-9935-530CDECE3D57}.Debug|Any CPU.Build.0 = Debug|Any CPU
		{D85FE463-903A-4B53-9935-530CDECE3D57}.Release|Any CPU.ActiveCfg = Release|Any CPU
		{D85FE463-903A-4B53-9935-530CDECE3D57}.Release|Any CPU.Build.0 = Release|Any CPU
		{8243811E-5AF6-4458-AEDF-CE075E534A84}.Debug|Any CPU.ActiveCfg = Debug|Any CPU
		{8243811E-5AF6-4458-AEDF-CE075E534A84}.Debug|Any CPU.Build.0 = Debug|Any CPU
		{8243811E-5AF6-4458-AEDF-CE075E534A84}.Release|Any CPU.ActiveCfg = Release|Any CPU
		{8243811E-5AF6-4458-AEDF-CE075E534A84}.Release|Any CPU.Build.0 = Release|Any CPU
		{711C7673-B8EA-49C6-872A-030BA8AE3628}.Debug|Any CPU.ActiveCfg = Debug|Any CPU
		{711C7673-B8EA-49C6-872A-030BA8AE3628}.Debug|Any CPU.Build.0 = Debug|Any CPU
		{711C7673-B8EA-49C6-872A-030BA8AE3628}.Release|Any CPU.ActiveCfg = Release|Any CPU
		{711C7673-B8EA-49C6-872A-030BA8AE3628}.Release|Any CPU.Build.0 = Release|Any CPU
	EndGlobalSection
	GlobalSection(SolutionProperties) = preSolution
		HideSolutionNode = FALSE
	EndGlobalSection
	GlobalSection(NestedProjects) = preSolution
		{711C7673-B8EA-49C6-872A-030BA8AE3628} = {DEB40175-A039-4C99-A48D-6789338AB59D}
	EndGlobalSection
	GlobalSection(ExtensibilityGlobals) = postSolution
		SolutionGuid = {8336F73C-0C75-4E3C-8497-2C038E45BFF2}
	EndGlobalSection
EndGlobal
